
Microsoft Visual Studio Solution File, Format Version 12.00
Project("{FAE04EC0-301F-11D3-BF4B-00C04F79EFBC}") = "SpendingTracker", "SpendingTracker\SpendingTracker.csproj", "{19B8BDD8-A947-47EA-A75E-E741EF44D97B}"
EndProject
Global
	GlobalSection(SolutionConfigurationPlatforms) = preSolution
		Debug|Any CPU = Debug|Any CPU
		Release|Any CPU = Release|Any CPU
	EndGlobalSection
	GlobalSection(ProjectConfigurationPlatforms) = postSolution
		{19B8BDD8-A947-47EA-A75E-E741EF44D97B}.Debug|Any CPU.ActiveCfg = Debug|Any CPU
		{19B8BDD8-A947-47EA-A75E-E741EF44D97B}.Debug|Any CPU.Build.0 = Debug|Any CPU
		{19B8BDD8-A947-47EA-A75E-E741EF44D97B}.Release|Any CPU.ActiveCfg = Release|Any CPU
		{19B8BDD8-A947-47EA-A75E-E741EF44D97B}.Release|Any CPU.Build.0 = Release|Any CPU
	EndGlobalSection
EndGlobal
